
Microsoft Visual Studio Solution File, Format Version 12.00
# Visual Studio 15
VisualStudioVersion = 15.0.27130.2010
MinimumVisualStudioVersion = 10.0.40219.1
Project("{2150E333-8FDC-42A3-9474-1A3956D46DE8}") = "src", "src", "{6462A7D2-5018-443D-BF20-B7E407E3FEA6}"
	ProjectSection(SolutionItems) = preProject
		src\Directory.Build.props = src\Directory.Build.props
	EndProjectSection
EndProject
Project("{2150E333-8FDC-42A3-9474-1A3956D46DE8}") = "Solution Items", "Solution Items", "{E2FF6F9D-3B6D-4D51-8EE5-F3A8789B0B96}"
	ProjectSection(SolutionItems) = preProject
		appveyor.yml = appveyor.yml
		Directory.Build.props = Directory.Build.props
		icon.png = icon.png
		installTestRootCA.ps1 = installTestRootCA.ps1
		key.snk = key.snk
		license.txt = license.txt
		nuget.config = nuget.config
		README.md = README.md
		version.json = version.json
	EndProjectSection
EndProject
Project("{9A19103F-16F7-4668-BE54-9A1E7A4F7556}") = "idunno.Authentication.Basic", "src\idunno.Authentication.Basic\idunno.Authentication.Basic.csproj", "{27473555-A6FE-4489-A727-57B3B19D1D96}"
EndProject
Project("{9A19103F-16F7-4668-BE54-9A1E7A4F7556}") = "idunno.Authentication.Certificate", "src\idunno.Authentication.Certificate\idunno.Authentication.Certificate.csproj", "{E6CA8E9A-FC6F-4CA5-AE5A-56BEEB6FEA60}"
EndProject
Project("{2150E333-8FDC-42A3-9474-1A3956D46DE8}") = "test", "test", "{035D46E2-9278-4260-903B-66055D6CA268}"
EndProject
Project("{9A19103F-16F7-4668-BE54-9A1E7A4F7556}") = "idunno.Authentication.Test", "test\idunno.Authentication.Test\idunno.Authentication.Test.csproj", "{B5442738-A8FB-4923-9EC5-3B6512DCF30C}"
EndProject
Project("{2150E333-8FDC-42A3-9474-1A3956D46DE8}") = "samples", "samples", "{AE540C4C-DE07-49DB-81BD-B77C1F9EB8BF}"
EndProject
Project("{9A19103F-16F7-4668-BE54-9A1E7A4F7556}") = "idunno.Authentication.Basic.Sample", "samples\idunno.Authentication.Basic.Sample\idunno.Authentication.Basic.Sample.csproj", "{BB3C0698-1736-491C-B621-A78D00CBF0CA}"
EndProject
Project("{9A19103F-16F7-4668-BE54-9A1E7A4F7556}") = "idunno.Authentication.Certificate.Sample", "samples\idunno.Authentication.Certificate.Sample\idunno.Authentication.Certificate.Sample.csproj", "{E78E32F6-B94F-4ED3-9A33-3CE500C61AE6}"
EndProject
Global
	GlobalSection(SolutionConfigurationPlatforms) = preSolution
		Debug|Any CPU = Debug|Any CPU
		Release|Any CPU = Release|Any CPU
	EndGlobalSection
	GlobalSection(ProjectConfigurationPlatforms) = postSolution
		{27473555-A6FE-4489-A727-57B3B19D1D96}.Debug|Any CPU.ActiveCfg = Debug|Any CPU
		{27473555-A6FE-4489-A727-57B3B19D1D96}.Debug|Any CPU.Build.0 = Debug|Any CPU
		{27473555-A6FE-4489-A727-57B3B19D1D96}.Release|Any CPU.ActiveCfg = Release|Any CPU
		{27473555-A6FE-4489-A727-57B3B19D1D96}.Release|Any CPU.Build.0 = Release|Any CPU
		{E6CA8E9A-FC6F-4CA5-AE5A-56BEEB6FEA60}.Debug|Any CPU.ActiveCfg = Debug|Any CPU
		{E6CA8E9A-FC6F-4CA5-AE5A-56BEEB6FEA60}.Debug|Any CPU.Build.0 = Debug|Any CPU
		{E6CA8E9A-FC6F-4CA5-AE5A-56BEEB6FEA60}.Release|Any CPU.ActiveCfg = Release|Any CPU
		{E6CA8E9A-FC6F-4CA5-AE5A-56BEEB6FEA60}.Release|Any CPU.Build.0 = Release|Any CPU
		{B5442738-A8FB-4923-9EC5-3B6512DCF30C}.Debug|Any CPU.ActiveCfg = Debug|Any CPU
		{B5442738-A8FB-4923-9EC5-3B6512DCF30C}.Debug|Any CPU.Build.0 = Debug|Any CPU
		{B5442738-A8FB-4923-9EC5-3B6512DCF30C}.Release|Any CPU.ActiveCfg = Release|Any CPU
		{B5442738-A8FB-4923-9EC5-3B6512DCF30C}.Release|Any CPU.Build.0 = Release|Any CPU
		{BB3C0698-1736-491C-B621-A78D00CBF0CA}.Debug|Any CPU.ActiveCfg = Debug|Any CPU
		{BB3C0698-1736-491C-B621-A78D00CBF0CA}.Debug|Any CPU.Build.0 = Debug|Any CPU
		{BB3C0698-1736-491C-B621-A78D00CBF0CA}.Release|Any CPU.ActiveCfg = Release|Any CPU
		{BB3C0698-1736-491C-B621-A78D00CBF0CA}.Release|Any CPU.Build.0 = Release|Any CPU
		{E78E32F6-B94F-4ED3-9A33-3CE500C61AE6}.Debug|Any CPU.ActiveCfg = Debug|Any CPU
		{E78E32F6-B94F-4ED3-9A33-3CE500C61AE6}.Debug|Any CPU.Build.0 = Debug|Any CPU
		{E78E32F6-B94F-4ED3-9A33-3CE500C61AE6}.Release|Any CPU.ActiveCfg = Release|Any CPU
		{E78E32F6-B94F-4ED3-9A33-3CE500C61AE6}.Release|Any CPU.Build.0 = Release|Any CPU
	EndGlobalSection
	GlobalSection(SolutionProperties) = preSolution
		HideSolutionNode = FALSE
	EndGlobalSection
	GlobalSection(NestedProjects) = preSolution
		{27473555-A6FE-4489-A727-57B3B19D1D96} = {6462A7D2-5018-443D-BF20-B7E407E3FEA6}
		{E6CA8E9A-FC6F-4CA5-AE5A-56BEEB6FEA60} = {6462A7D2-5018-443D-BF20-B7E407E3FEA6}
		{B5442738-A8FB-4923-9EC5-3B6512DCF30C} = {035D46E2-9278-4260-903B-66055D6CA268}
		{BB3C0698-1736-491C-B621-A78D00CBF0CA} = {AE540C4C-DE07-49DB-81BD-B77C1F9EB8BF}
		{E78E32F6-B94F-4ED3-9A33-3CE500C61AE6} = {AE540C4C-DE07-49DB-81BD-B77C1F9EB8BF}
	EndGlobalSection
	GlobalSection(ExtensibilityGlobals) = postSolution
		SolutionGuid = {80233162-A195-4B57-8FF8-44ACED97629D}
	EndGlobalSection
EndGlobal
